// !$*UTF8*$!
{
	archiveVersion = 1;
	classes = {
	};
	objectVersion = 56;
	objects = {

/* Begin PBXBuildFile section */
		D021829B2D81168D00C81352 /* MenuOrderView.swift in Sources */ = {isa = PBXBuildFile; fileRef = D021829A2D81168D00C81352 /* MenuOrderView.swift */; };
		D021829D2D8117C300C81352 /* BillViewModel.swift in Sources */ = {isa = PBXBuildFile; fileRef = D021829C2D8117C300C81352 /* BillViewModel.swift */; };
		D021829F2D811B0600C81352 /* TaxSelectionView.swift in Sources */ = {isa = PBXBuildFile; fileRef = D021829E2D811B0600C81352 /* TaxSelectionView.swift */; };
		D02182A12D811B3000C81352 /* DiscountSelectionView.swift in Sources */ = {isa = PBXBuildFile; fileRef = D02182A02D811B3000C81352 /* DiscountSelectionView.swift */; };
		D02778112D84A7D7007DA1A5 /* TBBillKit in Frameworks */ = {isa = PBXBuildFile; productRef = D02778102D84A7D7007DA1A5 /* TBBillKit */; };
		D07DE26D2D81158400BC9FA9 /* TouchBistroBillChallengeApp.swift in Sources */ = {isa = PBXBuildFile; fileRef = D07DE26C2D81158400BC9FA9 /* TouchBistroBillChallengeApp.swift */; };
		D07DE2712D81158600BC9FA9 /* Assets.xcassets in Resources */ = {isa = PBXBuildFile; fileRef = D07DE2702D81158600BC9FA9 /* Assets.xcassets */; };
		D07DE2742D81158600BC9FA9 /* Preview Assets.xcassets in Resources */ = {isa = PBXBuildFile; fileRef = D07DE2732D81158600BC9FA9 /* Preview Assets.xcassets */; };
		D07DE2882D81158700BC9FA9 /* TouchBistroBillChallengeUITests.swift in Sources */ = {isa = PBXBuildFile; fileRef = D07DE2872D81158700BC9FA9 /* TouchBistroBillChallengeUITests.swift */; };
		D07DE28A2D81158700BC9FA9 /* TouchBistroBillChallengeUITestsLaunchTests.swift in Sources */ = {isa = PBXBuildFile; fileRef = D07DE2892D81158700BC9FA9 /* TouchBistroBillChallengeUITestsLaunchTests.swift */; };
		D0B447A82D83ABC000E0A604 /* TaxSelectionViewModel.swift in Sources */ = {isa = PBXBuildFile; fileRef = D0B447A72D83ABC000E0A604 /* TaxSelectionViewModel.swift */; };
		D0B447AA2D83AC1400E0A604 /* DiscountSelectionViewModel.swift in Sources */ = {isa = PBXBuildFile; fileRef = D0B447A92D83AC1400E0A604 /* DiscountSelectionViewModel.swift */; };
		D0B447AD2D847D3800E0A604 /* BillViewModelTests.swift in Sources */ = {isa = PBXBuildFile; fileRef = D0B447AC2D847D3800E0A604 /* BillViewModelTests.swift */; };
		D0B447AF2D8489DE00E0A604 /* TaxSelectionViewModelTests.swift in Sources */ = {isa = PBXBuildFile; fileRef = D0B447AE2D8489DE00E0A604 /* TaxSelectionViewModelTests.swift */; };
		D0B447B12D8498EE00E0A604 /* DiscountSelectionViewModelTests.swift in Sources */ = {isa = PBXBuildFile; fileRef = D0B447B02D8498EE00E0A604 /* DiscountSelectionViewModelTests.swift */; };
/* End PBXBuildFile section */

/* Begin PBXContainerItemProxy section */
		D07DE27A2D81158700BC9FA9 /* PBXContainerItemProxy */ = {
			isa = PBXContainerItemProxy;
			containerPortal = D07DE2612D81158400BC9FA9 /* Project object */;
			proxyType = 1;
			remoteGlobalIDString = D07DE2682D81158400BC9FA9;
			remoteInfo = TouchBistroBillChallenge;
		};
		D07DE2842D81158700BC9FA9 /* PBXContainerItemProxy */ = {
			isa = PBXContainerItemProxy;
			containerPortal = D07DE2612D81158400BC9FA9 /* Project object */;
			proxyType = 1;
			remoteGlobalIDString = D07DE2682D81158400BC9FA9;
			remoteInfo = TouchBistroBillChallenge;
		};
/* End PBXContainerItemProxy section */

/* Begin PBXFileReference section */
		D021829A2D81168D00C81352 /* MenuOrderView.swift */ = {isa = PBXFileReference; lastKnownFileType = sourcecode.swift; path = MenuOrderView.swift; sourceTree = "<group>"; };
		D021829C2D8117C300C81352 /* BillViewModel.swift */ = {isa = PBXFileReference; lastKnownFileType = sourcecode.swift; path = BillViewModel.swift; sourceTree = "<group>"; };
		D021829E2D811B0600C81352 /* TaxSelectionView.swift */ = {isa = PBXFileReference; lastKnownFileType = sourcecode.swift; path = TaxSelectionView.swift; sourceTree = "<group>"; };
		D02182A02D811B3000C81352 /* DiscountSelectionView.swift */ = {isa = PBXFileReference; lastKnownFileType = sourcecode.swift; path = DiscountSelectionView.swift; sourceTree = "<group>"; };
		D07DE2692D81158400BC9FA9 /* TouchBistroBillChallenge.app */ = {isa = PBXFileReference; explicitFileType = wrapper.application; includeInIndex = 0; path = TouchBistroBillChallenge.app; sourceTree = BUILT_PRODUCTS_DIR; };
		D07DE26C2D81158400BC9FA9 /* TouchBistroBillChallengeApp.swift */ = {isa = PBXFileReference; lastKnownFileType = sourcecode.swift; path = TouchBistroBillChallengeApp.swift; sourceTree = "<group>"; };
		D07DE2702D81158600BC9FA9 /* Assets.xcassets */ = {isa = PBXFileReference; lastKnownFileType = folder.assetcatalog; path = Assets.xcassets; sourceTree = "<group>"; };
		D07DE2732D81158600BC9FA9 /* Preview Assets.xcassets */ = {isa = PBXFileReference; lastKnownFileType = folder.assetcatalog; path = "Preview Assets.xcassets"; sourceTree = "<group>"; };
		D07DE2792D81158700BC9FA9 /* TouchBistroBillChallengeTests.xctest */ = {isa = PBXFileReference; explicitFileType = wrapper.cfbundle; includeInIndex = 0; path = TouchBistroBillChallengeTests.xctest; sourceTree = BUILT_PRODUCTS_DIR; };
		D07DE2832D81158700BC9FA9 /* TouchBistroBillChallengeUITests.xctest */ = {isa = PBXFileReference; explicitFileType = wrapper.cfbundle; includeInIndex = 0; path = TouchBistroBillChallengeUITests.xctest; sourceTree = BUILT_PRODUCTS_DIR; };
		D07DE2872D81158700BC9FA9 /* TouchBistroBillChallengeUITests.swift */ = {isa = PBXFileReference; lastKnownFileType = sourcecode.swift; path = TouchBistroBillChallengeUITests.swift; sourceTree = "<group>"; };
		D07DE2892D81158700BC9FA9 /* TouchBistroBillChallengeUITestsLaunchTests.swift */ = {isa = PBXFileReference; lastKnownFileType = sourcecode.swift; path = TouchBistroBillChallengeUITestsLaunchTests.swift; sourceTree = "<group>"; };
		D0B447A72D83ABC000E0A604 /* TaxSelectionViewModel.swift */ = {isa = PBXFileReference; lastKnownFileType = sourcecode.swift; path = TaxSelectionViewModel.swift; sourceTree = "<group>"; };
		D0B447A92D83AC1400E0A604 /* DiscountSelectionViewModel.swift */ = {isa = PBXFileReference; lastKnownFileType = sourcecode.swift; path = DiscountSelectionViewModel.swift; sourceTree = "<group>"; };
		D0B447AC2D847D3800E0A604 /* BillViewModelTests.swift */ = {isa = PBXFileReference; lastKnownFileType = sourcecode.swift; path = BillViewModelTests.swift; sourceTree = "<group>"; };
		D0B447AE2D8489DE00E0A604 /* TaxSelectionViewModelTests.swift */ = {isa = PBXFileReference; lastKnownFileType = sourcecode.swift; path = TaxSelectionViewModelTests.swift; sourceTree = "<group>"; };
		D0B447B02D8498EE00E0A604 /* DiscountSelectionViewModelTests.swift */ = {isa = PBXFileReference; lastKnownFileType = sourcecode.swift; path = DiscountSelectionViewModelTests.swift; sourceTree = "<group>"; };
/* End PBXFileReference section */

/* Begin PBXFrameworksBuildPhase section */
		D07DE2662D81158400BC9FA9 /* Frameworks */ = {
			isa = PBXFrameworksBuildPhase;
			buildActionMask = 2147483647;
			files = (
				D02778112D84A7D7007DA1A5 /* TBBillKit in Frameworks */,
			);
			runOnlyForDeploymentPostprocessing = 0;
		};
		D07DE2762D81158700BC9FA9 /* Frameworks */ = {
			isa = PBXFrameworksBuildPhase;
			buildActionMask = 2147483647;
			files = (
			);
			runOnlyForDeploymentPostprocessing = 0;
		};
		D07DE2802D81158700BC9FA9 /* Frameworks */ = {
			isa = PBXFrameworksBuildPhase;
			buildActionMask = 2147483647;
			files = (
			);
			runOnlyForDeploymentPostprocessing = 0;
		};
/* End PBXFrameworksBuildPhase section */

/* Begin PBXGroup section */
		D07DE2602D81158400BC9FA9 = {
			isa = PBXGroup;
			children = (
				D07DE26B2D81158400BC9FA9 /* TouchBistroBillChallenge */,
				D07DE27C2D81158700BC9FA9 /* TouchBistroBillChallengeTests */,
				D07DE2862D81158700BC9FA9 /* TouchBistroBillChallengeUITests */,
				D07DE26A2D81158400BC9FA9 /* Products */,
			);
			sourceTree = "<group>";
		};
		D07DE26A2D81158400BC9FA9 /* Products */ = {
			isa = PBXGroup;
			children = (
				D07DE2692D81158400BC9FA9 /* TouchBistroBillChallenge.app */,
				D07DE2792D81158700BC9FA9 /* TouchBistroBillChallengeTests.xctest */,
				D07DE2832D81158700BC9FA9 /* TouchBistroBillChallengeUITests.xctest */,
			);
			name = Products;
			sourceTree = "<group>";
		};
		D07DE26B2D81158400BC9FA9 /* TouchBistroBillChallenge */ = {
			isa = PBXGroup;
			children = (
				D0B447A62D83AB9B00E0A604 /* View Models */,
				D0B447A52D83AB8600E0A604 /* Views */,
				D07DE26C2D81158400BC9FA9 /* TouchBistroBillChallengeApp.swift */,
				D07DE2702D81158600BC9FA9 /* Assets.xcassets */,
				D07DE2722D81158600BC9FA9 /* Preview Content */,
			);
			path = TouchBistroBillChallenge;
			sourceTree = "<group>";
		};
		D07DE2722D81158600BC9FA9 /* Preview Content */ = {
			isa = PBXGroup;
			children = (
				D07DE2732D81158600BC9FA9 /* Preview Assets.xcassets */,
			);
			path = "Preview Content";
			sourceTree = "<group>";
		};
		D07DE27C2D81158700BC9FA9 /* TouchBistroBillChallengeTests */ = {
			isa = PBXGroup;
			children = (
				D0B447B22D84A3EF00E0A604 /* View Models */,
			);
			path = TouchBistroBillChallengeTests;
			sourceTree = "<group>";
		};
		D07DE2862D81158700BC9FA9 /* TouchBistroBillChallengeUITests */ = {
			isa = PBXGroup;
			children = (
				D07DE2872D81158700BC9FA9 /* TouchBistroBillChallengeUITests.swift */,
				D07DE2892D81158700BC9FA9 /* TouchBistroBillChallengeUITestsLaunchTests.swift */,
			);
			path = TouchBistroBillChallengeUITests;
			sourceTree = "<group>";
		};
		D0B447A52D83AB8600E0A604 /* Views */ = {
			isa = PBXGroup;
			children = (
				D021829A2D81168D00C81352 /* MenuOrderView.swift */,
				D021829E2D811B0600C81352 /* TaxSelectionView.swift */,
				D02182A02D811B3000C81352 /* DiscountSelectionView.swift */,
			);
			path = Views;
			sourceTree = "<group>";
		};
		D0B447A62D83AB9B00E0A604 /* View Models */ = {
			isa = PBXGroup;
			children = (
				D021829C2D8117C300C81352 /* BillViewModel.swift */,
				D0B447A72D83ABC000E0A604 /* TaxSelectionViewModel.swift */,
				D0B447A92D83AC1400E0A604 /* DiscountSelectionViewModel.swift */,
			);
			path = "View Models";
			sourceTree = "<group>";
		};
		D0B447B22D84A3EF00E0A604 /* View Models */ = {
			isa = PBXGroup;
			children = (
				D0B447AC2D847D3800E0A604 /* BillViewModelTests.swift */,
				D0B447AE2D8489DE00E0A604 /* TaxSelectionViewModelTests.swift */,
				D0B447B02D8498EE00E0A604 /* DiscountSelectionViewModelTests.swift */,
			);
			path = "View Models";
			sourceTree = "<group>";
		};
/* End PBXGroup section */

/* Begin PBXNativeTarget section */
		D07DE2682D81158400BC9FA9 /* TouchBistroBillChallenge */ = {
			isa = PBXNativeTarget;
			buildConfigurationList = D07DE28D2D81158700BC9FA9 /* Build configuration list for PBXNativeTarget "TouchBistroBillChallenge" */;
			buildPhases = (
				D07DE2652D81158400BC9FA9 /* Sources */,
				D07DE2662D81158400BC9FA9 /* Frameworks */,
				D07DE2672D81158400BC9FA9 /* Resources */,
			);
			buildRules = (
			);
			dependencies = (
			);
			name = TouchBistroBillChallenge;
			packageProductDependencies = (
				D02778102D84A7D7007DA1A5 /* TBBillKit */,
			);
			productName = TouchBistroBillChallenge;
			productReference = D07DE2692D81158400BC9FA9 /* TouchBistroBillChallenge.app */;
			productType = "com.apple.product-type.application";
		};
		D07DE2782D81158700BC9FA9 /* TouchBistroBillChallengeTests */ = {
			isa = PBXNativeTarget;
			buildConfigurationList = D07DE2902D81158700BC9FA9 /* Build configuration list for PBXNativeTarget "TouchBistroBillChallengeTests" */;
			buildPhases = (
				D07DE2752D81158700BC9FA9 /* Sources */,
				D07DE2762D81158700BC9FA9 /* Frameworks */,
				D07DE2772D81158700BC9FA9 /* Resources */,
			);
			buildRules = (
			);
			dependencies = (
				D07DE27B2D81158700BC9FA9 /* PBXTargetDependency */,
			);
			name = TouchBistroBillChallengeTests;
			productName = TouchBistroBillChallengeTests;
			productReference = D07DE2792D81158700BC9FA9 /* TouchBistroBillChallengeTests.xctest */;
			productType = "com.apple.product-type.bundle.unit-test";
		};
		D07DE2822D81158700BC9FA9 /* TouchBistroBillChallengeUITests */ = {
			isa = PBXNativeTarget;
			buildConfigurationList = D07DE2932D81158700BC9FA9 /* Build configuration list for PBXNativeTarget "TouchBistroBillChallengeUITests" */;
			buildPhases = (
				D07DE27F2D81158700BC9FA9 /* Sources */,
				D07DE2802D81158700BC9FA9 /* Frameworks */,
				D07DE2812D81158700BC9FA9 /* Resources */,
			);
			buildRules = (
			);
			dependencies = (
				D07DE2852D81158700BC9FA9 /* PBXTargetDependency */,
			);
			name = TouchBistroBillChallengeUITests;
			productName = TouchBistroBillChallengeUITests;
			productReference = D07DE2832D81158700BC9FA9 /* TouchBistroBillChallengeUITests.xctest */;
			productType = "com.apple.product-type.bundle.ui-testing";
		};
/* End PBXNativeTarget section */

/* Begin PBXProject section */
		D07DE2612D81158400BC9FA9 /* Project object */ = {
			isa = PBXProject;
			attributes = {
				BuildIndependentTargetsInParallel = 1;
				LastSwiftUpdateCheck = 1520;
				LastUpgradeCheck = 1520;
				TargetAttributes = {
					D07DE2682D81158400BC9FA9 = {
						CreatedOnToolsVersion = 15.2;
					};
					D07DE2782D81158700BC9FA9 = {
						CreatedOnToolsVersion = 15.2;
						TestTargetID = D07DE2682D81158400BC9FA9;
					};
					D07DE2822D81158700BC9FA9 = {
						CreatedOnToolsVersion = 15.2;
						TestTargetID = D07DE2682D81158400BC9FA9;
					};
				};
			};
			buildConfigurationList = D07DE2642D81158400BC9FA9 /* Build configuration list for PBXProject "TouchBistroBillChallenge" */;
			compatibilityVersion = "Xcode 14.0";
			developmentRegion = en;
			hasScannedForEncodings = 0;
			knownRegions = (
				en,
				Base,
			);
			mainGroup = D07DE2602D81158400BC9FA9;
			packageReferences = (
				D027780F2D84A7D7007DA1A5 /* XCRemoteSwiftPackageReference "TBBillKit" */,
			);
			productRefGroup = D07DE26A2D81158400BC9FA9 /* Products */;
			projectDirPath = "";
			projectRoot = "";
			targets = (
				D07DE2682D81158400BC9FA9 /* TouchBistroBillChallenge */,
				D07DE2782D81158700BC9FA9 /* TouchBistroBillChallengeTests */,
				D07DE2822D81158700BC9FA9 /* TouchBistroBillChallengeUITests */,
			);
		};
/* End PBXProject section */

/* Begin PBXResourcesBuildPhase section */
		D07DE2672D81158400BC9FA9 /* Resources */ = {
			isa = PBXResourcesBuildPhase;
			buildActionMask = 2147483647;
			files = (
				D07DE2742D81158600BC9FA9 /* Preview Assets.xcassets in Resources */,
				D07DE2712D81158600BC9FA9 /* Assets.xcassets in Resources */,
			);
			runOnlyForDeploymentPostprocessing = 0;
		};
		D07DE2772D81158700BC9FA9 /* Resources */ = {
			isa = PBXResourcesBuildPhase;
			buildActionMask = 2147483647;
			files = (
			);
			runOnlyForDeploymentPostprocessing = 0;
		};
		D07DE2812D81158700BC9FA9 /* Resources */ = {
			isa = PBXResourcesBuildPhase;
			buildActionMask = 2147483647;
			files = (
			);
			runOnlyForDeploymentPostprocessing = 0;
		};
/* End PBXResourcesBuildPhase section */

/* Begin PBXSourcesBuildPhase section */
		D07DE2652D81158400BC9FA9 /* Sources */ = {
			isa = PBXSourcesBuildPhase;
			buildActionMask = 2147483647;
			files = (
				D021829B2D81168D00C81352 /* MenuOrderView.swift in Sources */,
				D021829D2D8117C300C81352 /* BillViewModel.swift in Sources */,
				D02182A12D811B3000C81352 /* DiscountSelectionView.swift in Sources */,
				D0B447A82D83ABC000E0A604 /* TaxSelectionViewModel.swift in Sources */,
				D0B447AA2D83AC1400E0A604 /* DiscountSelectionViewModel.swift in Sources */,
				D021829F2D811B0600C81352 /* TaxSelectionView.swift in Sources */,
				D07DE26D2D81158400BC9FA9 /* TouchBistroBillChallengeApp.swift in Sources */,
			);
			runOnlyForDeploymentPostprocessing = 0;
		};
		D07DE2752D81158700BC9FA9 /* Sources */ = {
			isa = PBXSourcesBuildPhase;
			buildActionMask = 2147483647;
			files = (
				D0B447AF2D8489DE00E0A604 /* TaxSelectionViewModelTests.swift in Sources */,
				D0B447B12D8498EE00E0A604 /* DiscountSelectionViewModelTests.swift in Sources */,
				D0B447AD2D847D3800E0A604 /* BillViewModelTests.swift in Sources */,
			);
			runOnlyForDeploymentPostprocessing = 0;
		};
		D07DE27F2D81158700BC9FA9 /* Sources */ = {
			isa = PBXSourcesBuildPhase;
			buildActionMask = 2147483647;
			files = (
				D07DE28A2D81158700BC9FA9 /* TouchBistroBillChallengeUITestsLaunchTests.swift in Sources */,
				D07DE2882D81158700BC9FA9 /* TouchBistroBillChallengeUITests.swift in Sources */,
			);
			runOnlyForDeploymentPostprocessing = 0;
		};
/* End PBXSourcesBuildPhase section */

/* Begin PBXTargetDependency section */
		D07DE27B2D81158700BC9FA9 /* PBXTargetDependency */ = {
			isa = PBXTargetDependency;
			target = D07DE2682D81158400BC9FA9 /* TouchBistroBillChallenge */;
			targetProxy = D07DE27A2D81158700BC9FA9 /* PBXContainerItemProxy */;
		};
		D07DE2852D81158700BC9FA9 /* PBXTargetDependency */ = {
			isa = PBXTargetDependency;
			target = D07DE2682D81158400BC9FA9 /* TouchBistroBillChallenge */;
			targetProxy = D07DE2842D81158700BC9FA9 /* PBXContainerItemProxy */;
		};
/* End PBXTargetDependency section */

/* Begin XCBuildConfiguration section */
		D07DE28B2D81158700BC9FA9 /* Debug */ = {
			isa = XCBuildConfiguration;
			buildSettings = {
				ALWAYS_SEARCH_USER_PATHS = NO;
				ASSETCATALOG_COMPILER_GENERATE_SWIFT_ASSET_SYMBOL_EXTENSIONS = YES;
				CLANG_ANALYZER_NONNULL = YES;
				CLANG_ANALYZER_NUMBER_OBJECT_CONVERSION = YES_AGGRESSIVE;
				CLANG_CXX_LANGUAGE_STANDARD = "gnu++20";
				CLANG_ENABLE_MODULES = YES;
				CLANG_ENABLE_OBJC_ARC = YES;
				CLANG_ENABLE_OBJC_WEAK = YES;
				CLANG_WARN_BLOCK_CAPTURE_AUTORELEASING = YES;
				CLANG_WARN_BOOL_CONVERSION = YES;
				CLANG_WARN_COMMA = YES;
				CLANG_WARN_CONSTANT_CONVERSION = YES;
				CLANG_WARN_DEPRECATED_OBJC_IMPLEMENTATIONS = YES;
				CLANG_WARN_DIRECT_OBJC_ISA_USAGE = YES_ERROR;
				CLANG_WARN_DOCUMENTATION_COMMENTS = YES;
				CLANG_WARN_EMPTY_BODY = YES;
				CLANG_WARN_ENUM_CONVERSION = YES;
				CLANG_WARN_INFINITE_RECURSION = YES;
				CLANG_WARN_INT_CONVERSION = YES;
				CLANG_WARN_NON_LITERAL_NULL_CONVERSION = YES;
				CLANG_WARN_OBJC_IMPLICIT_RETAIN_SELF = YES;
				CLANG_WARN_OBJC_LITERAL_CONVERSION = YES;
				CLANG_WARN_OBJC_ROOT_CLASS = YES_ERROR;
				CLANG_WARN_QUOTED_INCLUDE_IN_FRAMEWORK_HEADER = YES;
				CLANG_WARN_RANGE_LOOP_ANALYSIS = YES;
				CLANG_WARN_STRICT_PROTOTYPES = YES;
				CLANG_WARN_SUSPICIOUS_MOVE = YES;
				CLANG_WARN_UNGUARDED_AVAILABILITY = YES_AGGRESSIVE;
				CLANG_WARN_UNREACHABLE_CODE = YES;
				CLANG_WARN__DUPLICATE_METHOD_MATCH = YES;
				COPY_PHASE_STRIP = NO;
				DEBUG_INFORMATION_FORMAT = dwarf;
				ENABLE_STRICT_OBJC_MSGSEND = YES;
				ENABLE_TESTABILITY = YES;
				ENABLE_USER_SCRIPT_SANDBOXING = YES;
				GCC_C_LANGUAGE_STANDARD = gnu17;
				GCC_DYNAMIC_NO_PIC = NO;
				GCC_NO_COMMON_BLOCKS = YES;
				GCC_OPTIMIZATION_LEVEL = 0;
				GCC_PREPROCESSOR_DEFINITIONS = (
					"DEBUG=1",
					"$(inherited)",
				);
				GCC_WARN_64_TO_32_BIT_CONVERSION = YES;
				GCC_WARN_ABOUT_RETURN_TYPE = YES_ERROR;
				GCC_WARN_UNDECLARED_SELECTOR = YES;
				GCC_WARN_UNINITIALIZED_AUTOS = YES_AGGRESSIVE;
				GCC_WARN_UNUSED_FUNCTION = YES;
				GCC_WARN_UNUSED_VARIABLE = YES;
				IPHONEOS_DEPLOYMENT_TARGET = 17.2;
				LOCALIZATION_PREFERS_STRING_CATALOGS = YES;
				MTL_ENABLE_DEBUG_INFO = INCLUDE_SOURCE;
				MTL_FAST_MATH = YES;
				ONLY_ACTIVE_ARCH = YES;
				SDKROOT = iphoneos;
				SWIFT_ACTIVE_COMPILATION_CONDITIONS = "DEBUG $(inherited)";
				SWIFT_OPTIMIZATION_LEVEL = "-Onone";
			};
			name = Debug;
		};
		D07DE28C2D81158700BC9FA9 /* Release */ = {
			isa = XCBuildConfiguration;
			buildSettings = {
				ALWAYS_SEARCH_USER_PATHS = NO;
				ASSETCATALOG_COMPILER_GENERATE_SWIFT_ASSET_SYMBOL_EXTENSIONS = YES;
				CLANG_ANALYZER_NONNULL = YES;
				CLANG_ANALYZER_NUMBER_OBJECT_CONVERSION = YES_AGGRESSIVE;
				CLANG_CXX_LANGUAGE_STANDARD = "gnu++20";
				CLANG_ENABLE_MODULES = YES;
				CLANG_ENABLE_OBJC_ARC = YES;
				CLANG_ENABLE_OBJC_WEAK = YES;
				CLANG_WARN_BLOCK_CAPTURE_AUTORELEASING = YES;
				CLANG_WARN_BOOL_CONVERSION = YES;
				CLANG_WARN_COMMA = YES;
				CLANG_WARN_CONSTANT_CONVERSION = YES;
				CLANG_WARN_DEPRECATED_OBJC_IMPLEMENTATIONS = YES;
				CLANG_WARN_DIRECT_OBJC_ISA_USAGE = YES_ERROR;
				CLANG_WARN_DOCUMENTATION_COMMENTS = YES;
				CLANG_WARN_EMPTY_BODY = YES;
				CLANG_WARN_ENUM_CONVERSION = YES;
				CLANG_WARN_INFINITE_RECURSION = YES;
				CLANG_WARN_INT_CONVERSION = YES;
				CLANG_WARN_NON_LITERAL_NULL_CONVERSION = YES;
				CLANG_WARN_OBJC_IMPLICIT_RETAIN_SELF = YES;
				CLANG_WARN_OBJC_LITERAL_CONVERSION = YES;
				CLANG_WARN_OBJC_ROOT_CLASS = YES_ERROR;
				CLANG_WARN_QUOTED_INCLUDE_IN_FRAMEWORK_HEADER = YES;
				CLANG_WARN_RANGE_LOOP_ANALYSIS = YES;
				CLANG_WARN_STRICT_PROTOTYPES = YES;
				CLANG_WARN_SUSPICIOUS_MOVE = YES;
				CLANG_WARN_UNGUARDED_AVAILABILITY = YES_AGGRESSIVE;
				CLANG_WARN_UNREACHABLE_CODE = YES;
				CLANG_WARN__DUPLICATE_METHOD_MATCH = YES;
				COPY_PHASE_STRIP = NO;
				DEBUG_INFORMATION_FORMAT = "dwarf-with-dsym";
				ENABLE_NS_ASSERTIONS = NO;
				ENABLE_STRICT_OBJC_MSGSEND = YES;
				ENABLE_USER_SCRIPT_SANDBOXING = YES;
				GCC_C_LANGUAGE_STANDARD = gnu17;
				GCC_NO_COMMON_BLOCKS = YES;
				GCC_WARN_64_TO_32_BIT_CONVERSION = YES;
				GCC_WARN_ABOUT_RETURN_TYPE = YES_ERROR;
				GCC_WARN_UNDECLARED_SELECTOR = YES;
				GCC_WARN_UNINITIALIZED_AUTOS = YES_AGGRESSIVE;
				GCC_WARN_UNUSED_FUNCTION = YES;
				GCC_WARN_UNUSED_VARIABLE = YES;
				IPHONEOS_DEPLOYMENT_TARGET = 17.2;
				LOCALIZATION_PREFERS_STRING_CATALOGS = YES;
				MTL_ENABLE_DEBUG_INFO = NO;
				MTL_FAST_MATH = YES;
				SDKROOT = iphoneos;
				SWIFT_COMPILATION_MODE = wholemodule;
				VALIDATE_PRODUCT = YES;
			};
			name = Release;
		};
		D07DE28E2D81158700BC9FA9 /* Debug */ = {
			isa = XCBuildConfiguration;
			buildSettings = {
				ASSETCATALOG_COMPILER_APPICON_NAME = AppIcon;
				ASSETCATALOG_COMPILER_GLOBAL_ACCENT_COLOR_NAME = AccentColor;
				CODE_SIGN_STYLE = Automatic;
				CURRENT_PROJECT_VERSION = 1;
				DEVELOPMENT_ASSET_PATHS = "\"TouchBistroBillChallenge/Preview Content\"";
				DEVELOPMENT_TEAM = SLXQD48E5E;
				ENABLE_PREVIEWS = YES;
				GENERATE_INFOPLIST_FILE = YES;
				INFOPLIST_KEY_UIApplicationSceneManifest_Generation = YES;
				INFOPLIST_KEY_UIApplicationSupportsIndirectInputEvents = YES;
				INFOPLIST_KEY_UILaunchScreen_Generation = YES;
				INFOPLIST_KEY_UISupportedInterfaceOrientations_iPad = "UIInterfaceOrientationPortrait UIInterfaceOrientationPortraitUpsideDown UIInterfaceOrientationLandscapeLeft UIInterfaceOrientationLandscapeRight";
				INFOPLIST_KEY_UISupportedInterfaceOrientations_iPhone = "UIInterfaceOrientationPortrait UIInterfaceOrientationLandscapeLeft UIInterfaceOrientationLandscapeRight";
				LD_RUNPATH_SEARCH_PATHS = (
					"$(inherited)",
					"@executable_path/Frameworks",
				);
				MARKETING_VERSION = 1.0;
				PRODUCT_BUNDLE_IDENTIFIER = alexmitchell.TouchBistroBillChallenge;
				PRODUCT_NAME = "$(TARGET_NAME)";
				SWIFT_EMIT_LOC_STRINGS = YES;
				SWIFT_VERSION = 5.0;
				TARGETED_DEVICE_FAMILY = "1,2";
			};
			name = Debug;
		};
		D07DE28F2D81158700BC9FA9 /* Release */ = {
			isa = XCBuildConfiguration;
			buildSettings = {
				ASSETCATALOG_COMPILER_APPICON_NAME = AppIcon;
				ASSETCATALOG_COMPILER_GLOBAL_ACCENT_COLOR_NAME = AccentColor;
				CODE_SIGN_STYLE = Automatic;
				CURRENT_PROJECT_VERSION = 1;
				DEVELOPMENT_ASSET_PATHS = "\"TouchBistroBillChallenge/Preview Content\"";
				DEVELOPMENT_TEAM = SLXQD48E5E;
				ENABLE_PREVIEWS = YES;
				GENERATE_INFOPLIST_FILE = YES;
				INFOPLIST_KEY_UIApplicationSceneManifest_Generation = YES;
				INFOPLIST_KEY_UIApplicationSupportsIndirectInputEvents = YES;
				INFOPLIST_KEY_UILaunchScreen_Generation = YES;
				INFOPLIST_KEY_UISupportedInterfaceOrientations_iPad = "UIInterfaceOrientationPortrait UIInterfaceOrientationPortraitUpsideDown UIInterfaceOrientationLandscapeLeft UIInterfaceOrientationLandscapeRight";
				INFOPLIST_KEY_UISupportedInterfaceOrientations_iPhone = "UIInterfaceOrientationPortrait UIInterfaceOrientationLandscapeLeft UIInterfaceOrientationLandscapeRight";
				LD_RUNPATH_SEARCH_PATHS = (
					"$(inherited)",
					"@executable_path/Frameworks",
				);
				MARKETING_VERSION = 1.0;
				PRODUCT_BUNDLE_IDENTIFIER = alexmitchell.TouchBistroBillChallenge;
				PRODUCT_NAME = "$(TARGET_NAME)";
				SWIFT_EMIT_LOC_STRINGS = YES;
				SWIFT_VERSION = 5.0;
				TARGETED_DEVICE_FAMILY = "1,2";
			};
			name = Release;
		};
		D07DE2912D81158700BC9FA9 /* Debug */ = {
			isa = XCBuildConfiguration;
			buildSettings = {
				ALWAYS_EMBED_SWIFT_STANDARD_LIBRARIES = YES;
				BUNDLE_LOADER = "$(TEST_HOST)";
				CODE_SIGN_STYLE = Automatic;
				CURRENT_PROJECT_VERSION = 1;
				DEVELOPMENT_TEAM = SLXQD48E5E;
				GENERATE_INFOPLIST_FILE = YES;
				IPHONEOS_DEPLOYMENT_TARGET = 17.2;
				MARKETING_VERSION = 1.0;
				PRODUCT_BUNDLE_IDENTIFIER = alexmitchell.TouchBistroBillChallengeTests;
				PRODUCT_NAME = "$(TARGET_NAME)";
				SWIFT_EMIT_LOC_STRINGS = NO;
				SWIFT_VERSION = 5.0;
				TARGETED_DEVICE_FAMILY = "1,2";
				TEST_HOST = "$(BUILT_PRODUCTS_DIR)/TouchBistroBillChallenge.app/$(BUNDLE_EXECUTABLE_FOLDER_PATH)/TouchBistroBillChallenge";
			};
			name = Debug;
		};
		D07DE2922D81158700BC9FA9 /* Release */ = {
			isa = XCBuildConfiguration;
			buildSettings = {
				ALWAYS_EMBED_SWIFT_STANDARD_LIBRARIES = YES;
				BUNDLE_LOADER = "$(TEST_HOST)";
				CODE_SIGN_STYLE = Automatic;
				CURRENT_PROJECT_VERSION = 1;
				DEVELOPMENT_TEAM = SLXQD48E5E;
				GENERATE_INFOPLIST_FILE = YES;
				IPHONEOS_DEPLOYMENT_TARGET = 17.2;
				MARKETING_VERSION = 1.0;
				PRODUCT_BUNDLE_IDENTIFIER = alexmitchell.TouchBistroBillChallengeTests;
				PRODUCT_NAME = "$(TARGET_NAME)";
				SWIFT_EMIT_LOC_STRINGS = NO;
				SWIFT_VERSION = 5.0;
				TARGETED_DEVICE_FAMILY = "1,2";
				TEST_HOST = "$(BUILT_PRODUCTS_DIR)/TouchBistroBillChallenge.app/$(BUNDLE_EXECUTABLE_FOLDER_PATH)/TouchBistroBillChallenge";
			};
			name = Release;
		};
		D07DE2942D81158700BC9FA9 /* Debug */ = {
			isa = XCBuildConfiguration;
			buildSettings = {
				ALWAYS_EMBED_SWIFT_STANDARD_LIBRARIES = YES;
				CODE_SIGN_STYLE = Automatic;
				CURRENT_PROJECT_VERSION = 1;
				DEVELOPMENT_TEAM = SLXQD48E5E;
				GENERATE_INFOPLIST_FILE = YES;
				MARKETING_VERSION = 1.0;
				PRODUCT_BUNDLE_IDENTIFIER = alexmitchell.TouchBistroBillChallengeUITests;
				PRODUCT_NAME = "$(TARGET_NAME)";
				SWIFT_EMIT_LOC_STRINGS = NO;
				SWIFT_VERSION = 5.0;
				TARGETED_DEVICE_FAMILY = "1,2";
				TEST_TARGET_NAME = TouchBistroBillChallenge;
			};
			name = Debug;
		};
		D07DE2952D81158700BC9FA9 /* Release */ = {
			isa = XCBuildConfiguration;
			buildSettings = {
				ALWAYS_EMBED_SWIFT_STANDARD_LIBRARIES = YES;
				CODE_SIGN_STYLE = Automatic;
				CURRENT_PROJECT_VERSION = 1;
				DEVELOPMENT_TEAM = SLXQD48E5E;
				GENERATE_INFOPLIST_FILE = YES;
				MARKETING_VERSION = 1.0;
				PRODUCT_BUNDLE_IDENTIFIER = alexmitchell.TouchBistroBillChallengeUITests;
				PRODUCT_NAME = "$(TARGET_NAME)";
				SWIFT_EMIT_LOC_STRINGS = NO;
				SWIFT_VERSION = 5.0;
				TARGETED_DEVICE_FAMILY = "1,2";
				TEST_TARGET_NAME = TouchBistroBillChallenge;
			};
			name = Release;
		};
/* End XCBuildConfiguration section */

/* Begin XCConfigurationList section */
		D07DE2642D81158400BC9FA9 /* Build configuration list for PBXProject "TouchBistroBillChallenge" */ = {
			isa = XCConfigurationList;
			buildConfigurations = (
				D07DE28B2D81158700BC9FA9 /* Debug */,
				D07DE28C2D81158700BC9FA9 /* Release */,
			);
			defaultConfigurationIsVisible = 0;
			defaultConfigurationName = Release;
		};
		D07DE28D2D81158700BC9FA9 /* Build configuration list for PBXNativeTarget "TouchBistroBillChallenge" */ = {
			isa = XCConfigurationList;
			buildConfigurations = (
				D07DE28E2D81158700BC9FA9 /* Debug */,
				D07DE28F2D81158700BC9FA9 /* Release */,
			);
			defaultConfigurationIsVisible = 0;
			defaultConfigurationName = Release;
		};
		D07DE2902D81158700BC9FA9 /* Build configuration list for PBXNativeTarget "TouchBistroBillChallengeTests" */ = {
			isa = XCConfigurationList;
			buildConfigurations = (
				D07DE2912D81158700BC9FA9 /* Debug */,
				D07DE2922D81158700BC9FA9 /* Release */,
			);
			defaultConfigurationIsVisible = 0;
			defaultConfigurationName = Release;
		};
		D07DE2932D81158700BC9FA9 /* Build configuration list for PBXNativeTarget "TouchBistroBillChallengeUITests" */ = {
			isa = XCConfigurationList;
			buildConfigurations = (
				D07DE2942D81158700BC9FA9 /* Debug */,
				D07DE2952D81158700BC9FA9 /* Release */,
			);
			defaultConfigurationIsVisible = 0;
			defaultConfigurationName = Release;
		};
/* End XCConfigurationList section */

/* Begin XCRemoteSwiftPackageReference section */
		D027780F2D84A7D7007DA1A5 /* XCRemoteSwiftPackageReference "TBBillKit" */ = {
			isa = XCRemoteSwiftPackageReference;
			repositoryURL = "https://github.com/alexandermitchell/TBBillKit.git";
			requirement = {
				branch = main;
				kind = branch;
			};
		};
/* End XCRemoteSwiftPackageReference section */

/* Begin XCSwiftPackageProductDependency section */
		D02778102D84A7D7007DA1A5 /* TBBillKit */ = {
			isa = XCSwiftPackageProductDependency;
			package = D027780F2D84A7D7007DA1A5 /* XCRemoteSwiftPackageReference "TBBillKit" */;
			productName = TBBillKit;
		};
/* End XCSwiftPackageProductDependency section */
	};
	rootObject = D07DE2612D81158400BC9FA9 /* Project object */;
}
